
Microsoft Visual Studio Solution File, Format Version 12.00
# Visual Studio 15
VisualStudioVersion = 15.0.28307.271
MinimumVisualStudioVersion = 10.0.40219.1
Project("{FAE04EC0-301F-11D3-BF4B-00C04F79EFBC}") = "Zużycie LED do zlecenia", "Zużycie LED do zlecenia\Zużycie LED do zlecenia.csproj", "{1CA54563-A4E2-4D17-88FD-19FA35E3529F}"
EndProject
Global
	GlobalSection(SolutionConfigurationPlatforms) = preSolution
		Debug|Any CPU = Debug|Any CPU
		Release|Any CPU = Release|Any CPU
	EndGlobalSection
	GlobalSection(ProjectConfigurationPlatforms) = postSolution
		{1CA54563-A4E2-4D17-88FD-19FA35E3529F}.Debug|Any CPU.ActiveCfg = Debug|Any CPU
		{1CA54563-A4E2-4D17-88FD-19FA35E3529F}.Debug|Any CPU.Build.0 = Debug|Any CPU
		{1CA54563-A4E2-4D17-88FD-19FA35E3529F}.Release|Any CPU.ActiveCfg = Release|Any CPU
		{1CA54563-A4E2-4D17-88FD-19FA35E3529F}.Release|Any CPU.Build.0 = Release|Any CPU
	EndGlobalSection
	GlobalSection(SolutionProperties) = preSolution
		HideSolutionNode = FALSE
	EndGlobalSection
	GlobalSection(ExtensibilityGlobals) = postSolution
		SolutionGuid = {C445AE14-7FAC-4E62-AE9B-25EB045F7D94}
	EndGlobalSection
EndGlobal
